{
  "name": "video-device-hue",
  "version": "1.0.0",
  "lockfileVersion": 1,
  "requires": true,
  "dependencies": {
    "axios": {
      "version": "0.21.4",
      "resolved": "https://registry.npmjs.org/axios/-/axios-0.21.4.tgz",
      "integrity": "sha512-ut5vewkiu8jjGBdqpM44XxjuCjq9LAKeHVmoVfHVzy8eHgxxq8SbAVQNovDA8mVi05kP0Ea/n/UzcSHcTJQfNg==",
      "requires": {
        "follow-redirects": "^1.14.0"
      }
    },
    "bottleneck": {
      "version": "2.19.5",
      "resolved": "https://registry.npmjs.org/bottleneck/-/bottleneck-2.19.5.tgz",
      "integrity": "sha512-VHiNCbI1lKdl44tGrhNfU3lup0Tj/ZBMJB5/2ZbNXRCPuRCO7ed2mgcK4r17y+KB2EfuYuRaVlwNbAeaWGSpbw=="
    },
    "follow-redirects": {
      "version": "1.15.2",
      "resolved": "https://registry.npmjs.org/follow-redirects/-/follow-redirects-1.15.2.tgz",
      "integrity": "sha512-VQLG33o04KaQ8uYi2tVNbdrWp1QWxNNea+nmIB4EVM28v0hmP17z7aG1+wAkNzVq4KeXTq3221ye5qTJP91JwA=="
    },
    "get-ssl-certificate": {
      "version": "2.3.3",
      "resolved": "https://registry.npmjs.org/get-ssl-certificate/-/get-ssl-certificate-2.3.3.tgz",
      "integrity": "sha512-aKYXS1S5+2IYw4W5+lKC/M+lvaNYPe0PhnQ144NWARcBg35H3ZvyVZ6y0LNGtiAxggFBHeO7LaVGO4bgHK4g1Q=="
    },
    "node-hue-api": {
      "version": "4.0.11",
      "resolved": "https://registry.npmjs.org/node-hue-api/-/node-hue-api-4.0.11.tgz",
      "integrity": "sha512-lpnDdMjLTmm00JRsU70Mtm0Ix03cf7PRjKQAJbSg/Y0ChiIKQs+oDbSUpW2aDhEbor+wKpyfLYLGLTrjlG24pQ==",
      "requires": {
        "axios": "^0.21.1",
        "bottleneck": "^2.19.5",
        "get-ssl-certificate": "^2.3.3"
      }
    },
    "tail": {
      "version": "2.0.4",
      "resolved": "https://registry.npmjs.org/tail/-/tail-2.0.4.tgz",
      "integrity": "sha512-xHkZdNWIzO++g+V/rHGqVoHd2LRxz+8t8bj6FGelfb8FHBjg5yjkX7Su/8sQSBo5alIspYkRp/fU0A2SM5h+5A=="
    }
  }
}
